
Microsoft Visual Studio Solution File, Format Version 12.00
# Visual Studio Version 16
VisualStudioVersion = 16.0.33027.164
MinimumVisualStudioVersion = 10.0.40219.1
Project("{FAE04EC0-301F-11D3-BF4B-00C04F79EFBC}") = "ejemplo1", "ejemplo1\ejemplo1.csproj", "{BA52A885-2E5E-4BF6-94B1-2A3478054B6F}"
EndProject
Project("{FAE04EC0-301F-11D3-BF4B-00C04F79EFBC}") = "Ejemplo2", "Ejemplo2\Ejemplo2.csproj", "{01DF5069-9587-431B-9969-9187BB38405A}"
EndProject
Project("{FAE04EC0-301F-11D3-BF4B-00C04F79EFBC}") = "Ejemplo3", "Ejemplo3\Ejemplo3.csproj", "{92458FA7-8671-4F58-BE45-4BE73A2BE9E6}"
EndProject
Global
	GlobalSection(SolutionConfigurationPlatforms) = preSolution
		Debug|Any CPU = Debug|Any CPU
		Release|Any CPU = Release|Any CPU
	EndGlobalSection
	GlobalSection(ProjectConfigurationPlatforms) = postSolution
		{BA52A885-2E5E-4BF6-94B1-2A3478054B6F}.Debug|Any CPU.ActiveCfg = Debug|Any CPU
		{BA52A885-2E5E-4BF6-94B1-2A3478054B6F}.Debug|Any CPU.Build.0 = Debug|Any CPU
		{BA52A885-2E5E-4BF6-94B1-2A3478054B6F}.Release|Any CPU.ActiveCfg = Release|Any CPU
		{BA52A885-2E5E-4BF6-94B1-2A3478054B6F}.Release|Any CPU.Build.0 = Release|Any CPU
		{01DF5069-9587-431B-9969-9187BB38405A}.Debug|Any CPU.ActiveCfg = Debug|Any CPU
		{01DF5069-9587-431B-9969-9187BB38405A}.Debug|Any CPU.Build.0 = Debug|Any CPU
		{01DF5069-9587-431B-9969-9187BB38405A}.Release|Any CPU.ActiveCfg = Release|Any CPU
		{01DF5069-9587-431B-9969-9187BB38405A}.Release|Any CPU.Build.0 = Release|Any CPU
		{92458FA7-8671-4F58-BE45-4BE73A2BE9E6}.Debug|Any CPU.ActiveCfg = Debug|Any CPU
		{92458FA7-8671-4F58-BE45-4BE73A2BE9E6}.Debug|Any CPU.Build.0 = Debug|Any CPU
		{92458FA7-8671-4F58-BE45-4BE73A2BE9E6}.Release|Any CPU.ActiveCfg = Release|Any CPU
		{92458FA7-8671-4F58-BE45-4BE73A2BE9E6}.Release|Any CPU.Build.0 = Release|Any CPU
	EndGlobalSection
	GlobalSection(SolutionProperties) = preSolution
		HideSolutionNode = FALSE
	EndGlobalSection
	GlobalSection(ExtensibilityGlobals) = postSolution
		SolutionGuid = {7EC51FD8-E3B1-4F5D-8B85-8E2A5285FDDC}
	EndGlobalSection
EndGlobal
