
Microsoft Visual Studio Solution File, Format Version 12.00
# Visual Studio Version 17
VisualStudioVersion = 17.4.33122.133
MinimumVisualStudioVersion = 10.0.40219.1
Project("{FAE04EC0-301F-11D3-BF4B-00C04F79EFBC}") = "Ejemplos1", "Ejemplos1\Ejemplos1.csproj", "{F5887149-BB8E-47C8-BD2E-14468254CDBD}"
EndProject
Global
	GlobalSection(SolutionConfigurationPlatforms) = preSolution
		Debug|Any CPU = Debug|Any CPU
		Release|Any CPU = Release|Any CPU
	EndGlobalSection
	GlobalSection(ProjectConfigurationPlatforms) = postSolution
		{F5887149-BB8E-47C8-BD2E-14468254CDBD}.Debug|Any CPU.ActiveCfg = Debug|Any CPU
		{F5887149-BB8E-47C8-BD2E-14468254CDBD}.Debug|Any CPU.Build.0 = Debug|Any CPU
		{F5887149-BB8E-47C8-BD2E-14468254CDBD}.Release|Any CPU.ActiveCfg = Release|Any CPU
		{F5887149-BB8E-47C8-BD2E-14468254CDBD}.Release|Any CPU.Build.0 = Release|Any CPU
	EndGlobalSection
	GlobalSection(SolutionProperties) = preSolution
		HideSolutionNode = FALSE
	EndGlobalSection
	GlobalSection(ExtensibilityGlobals) = postSolution
		SolutionGuid = {69621A3B-43A8-489A-BBFB-1F945BD8CD94}
	EndGlobalSection
EndGlobal
