
Microsoft Visual Studio Solution File, Format Version 12.00
# Visual Studio Version 16
VisualStudioVersion = 16.0.33027.164
MinimumVisualStudioVersion = 10.0.40219.1
Project("{FAE04EC0-301F-11D3-BF4B-00C04F79EFBC}") = "WinFormsApp", "EjemplosLeerEnDB\WinFormsApp.csproj", "{756D555D-C80F-407B-BB1E-58722F4E966B}"
EndProject
Project("{FAE04EC0-301F-11D3-BF4B-00C04F79EFBC}") = "Dominio", "Dominio\Dominio.csproj", "{2D34B4E7-B627-4473-8F90-D4EB210D7B08}"
EndProject
Project("{FAE04EC0-301F-11D3-BF4B-00C04F79EFBC}") = "Data", "Data\Data.csproj", "{2868CC97-0E48-4234-BC19-EB39DA8F2299}"
EndProject
Global
	GlobalSection(SolutionConfigurationPlatforms) = preSolution
		Debug|Any CPU = Debug|Any CPU
		Release|Any CPU = Release|Any CPU
	EndGlobalSection
	GlobalSection(ProjectConfigurationPlatforms) = postSolution
		{756D555D-C80F-407B-BB1E-58722F4E966B}.Debug|Any CPU.ActiveCfg = Debug|Any CPU
		{756D555D-C80F-407B-BB1E-58722F4E966B}.Debug|Any CPU.Build.0 = Debug|Any CPU
		{756D555D-C80F-407B-BB1E-58722F4E966B}.Release|Any CPU.ActiveCfg = Release|Any CPU
		{756D555D-C80F-407B-BB1E-58722F4E966B}.Release|Any CPU.Build.0 = Release|Any CPU
		{2D34B4E7-B627-4473-8F90-D4EB210D7B08}.Debug|Any CPU.ActiveCfg = Debug|Any CPU
		{2D34B4E7-B627-4473-8F90-D4EB210D7B08}.Debug|Any CPU.Build.0 = Debug|Any CPU
		{2D34B4E7-B627-4473-8F90-D4EB210D7B08}.Release|Any CPU.ActiveCfg = Release|Any CPU
		{2D34B4E7-B627-4473-8F90-D4EB210D7B08}.Release|Any CPU.Build.0 = Release|Any CPU
		{2868CC97-0E48-4234-BC19-EB39DA8F2299}.Debug|Any CPU.ActiveCfg = Debug|Any CPU
		{2868CC97-0E48-4234-BC19-EB39DA8F2299}.Debug|Any CPU.Build.0 = Debug|Any CPU
		{2868CC97-0E48-4234-BC19-EB39DA8F2299}.Release|Any CPU.ActiveCfg = Release|Any CPU
		{2868CC97-0E48-4234-BC19-EB39DA8F2299}.Release|Any CPU.Build.0 = Release|Any CPU
	EndGlobalSection
	GlobalSection(SolutionProperties) = preSolution
		HideSolutionNode = FALSE
	EndGlobalSection
	GlobalSection(ExtensibilityGlobals) = postSolution
		SolutionGuid = {2BCB0E68-8813-41CF-93AE-C0B6064FB5F3}
	EndGlobalSection
EndGlobal
