
Microsoft Visual Studio Solution File, Format Version 12.00
# Visual Studio Version 16
VisualStudioVersion = 16.0.33027.164
MinimumVisualStudioVersion = 10.0.40219.1
Project("{FAE04EC0-301F-11D3-BF4B-00C04F79EFBC}") = "Ejemplo1", "Ejemplo1\Ejemplo1.csproj", "{F50A22DD-A0FF-4674-9C42-59773111678D}"
EndProject
Global
	GlobalSection(SolutionConfigurationPlatforms) = preSolution
		Debug|Any CPU = Debug|Any CPU
		Release|Any CPU = Release|Any CPU
	EndGlobalSection
	GlobalSection(ProjectConfigurationPlatforms) = postSolution
		{F50A22DD-A0FF-4674-9C42-59773111678D}.Debug|Any CPU.ActiveCfg = Debug|Any CPU
		{F50A22DD-A0FF-4674-9C42-59773111678D}.Debug|Any CPU.Build.0 = Debug|Any CPU
		{F50A22DD-A0FF-4674-9C42-59773111678D}.Release|Any CPU.ActiveCfg = Release|Any CPU
		{F50A22DD-A0FF-4674-9C42-59773111678D}.Release|Any CPU.Build.0 = Release|Any CPU
	EndGlobalSection
	GlobalSection(SolutionProperties) = preSolution
		HideSolutionNode = FALSE
	EndGlobalSection
	GlobalSection(ExtensibilityGlobals) = postSolution
		SolutionGuid = {3CB5ED8B-5D5C-4741-85A9-E3728355B548}
	EndGlobalSection
EndGlobal
