
Microsoft Visual Studio Solution File, Format Version 12.00
# Visual Studio Version 16
VisualStudioVersion = 16.0.33027.164
MinimumVisualStudioVersion = 10.0.40219.1
Project("{FAE04EC0-301F-11D3-BF4B-00C04F79EFBC}") = "MiPrimerAplicacion", "MiPrimerAplicacion\MiPrimerAplicacion.csproj", "{B7397712-39FF-4813-BB07-D136E5BFA62A}"
EndProject
Global
	GlobalSection(SolutionConfigurationPlatforms) = preSolution
		Debug|Any CPU = Debug|Any CPU
		Release|Any CPU = Release|Any CPU
	EndGlobalSection
	GlobalSection(ProjectConfigurationPlatforms) = postSolution
		{B7397712-39FF-4813-BB07-D136E5BFA62A}.Debug|Any CPU.ActiveCfg = Debug|Any CPU
		{B7397712-39FF-4813-BB07-D136E5BFA62A}.Debug|Any CPU.Build.0 = Debug|Any CPU
		{B7397712-39FF-4813-BB07-D136E5BFA62A}.Release|Any CPU.ActiveCfg = Release|Any CPU
		{B7397712-39FF-4813-BB07-D136E5BFA62A}.Release|Any CPU.Build.0 = Release|Any CPU
	EndGlobalSection
	GlobalSection(SolutionProperties) = preSolution
		HideSolutionNode = FALSE
	EndGlobalSection
	GlobalSection(ExtensibilityGlobals) = postSolution
		SolutionGuid = {1A271527-82F1-47B1-9DEC-C1BB3E1E1DC5}
	EndGlobalSection
EndGlobal
