
Microsoft Visual Studio Solution File, Format Version 12.00
# Visual Studio Version 16
VisualStudioVersion = 16.0.33027.164
MinimumVisualStudioVersion = 10.0.40219.1
Project("{FAE04EC0-301F-11D3-BF4B-00C04F79EFBC}") = "PresentacionApp", "PresentacionApp\PresentacionApp.csproj", "{F98835D4-054B-4111-B032-D3AFDE72A8A0}"
EndProject
Project("{FAE04EC0-301F-11D3-BF4B-00C04F79EFBC}") = "Data", "Data\Data.csproj", "{120E97C4-40DB-4EB3-B74E-A7E532D0E90A}"
EndProject
Project("{FAE04EC0-301F-11D3-BF4B-00C04F79EFBC}") = "Dominio", "Dominio\Dominio.csproj", "{B1F70A99-3F18-4E5D-A45E-909B8960AAD7}"
EndProject
Global
	GlobalSection(SolutionConfigurationPlatforms) = preSolution
		Debug|Any CPU = Debug|Any CPU
		Release|Any CPU = Release|Any CPU
	EndGlobalSection
	GlobalSection(ProjectConfigurationPlatforms) = postSolution
		{F98835D4-054B-4111-B032-D3AFDE72A8A0}.Debug|Any CPU.ActiveCfg = Debug|Any CPU
		{F98835D4-054B-4111-B032-D3AFDE72A8A0}.Debug|Any CPU.Build.0 = Debug|Any CPU
		{F98835D4-054B-4111-B032-D3AFDE72A8A0}.Release|Any CPU.ActiveCfg = Release|Any CPU
		{F98835D4-054B-4111-B032-D3AFDE72A8A0}.Release|Any CPU.Build.0 = Release|Any CPU
		{120E97C4-40DB-4EB3-B74E-A7E532D0E90A}.Debug|Any CPU.ActiveCfg = Debug|Any CPU
		{120E97C4-40DB-4EB3-B74E-A7E532D0E90A}.Debug|Any CPU.Build.0 = Debug|Any CPU
		{120E97C4-40DB-4EB3-B74E-A7E532D0E90A}.Release|Any CPU.ActiveCfg = Release|Any CPU
		{120E97C4-40DB-4EB3-B74E-A7E532D0E90A}.Release|Any CPU.Build.0 = Release|Any CPU
		{B1F70A99-3F18-4E5D-A45E-909B8960AAD7}.Debug|Any CPU.ActiveCfg = Debug|Any CPU
		{B1F70A99-3F18-4E5D-A45E-909B8960AAD7}.Debug|Any CPU.Build.0 = Debug|Any CPU
		{B1F70A99-3F18-4E5D-A45E-909B8960AAD7}.Release|Any CPU.ActiveCfg = Release|Any CPU
		{B1F70A99-3F18-4E5D-A45E-909B8960AAD7}.Release|Any CPU.Build.0 = Release|Any CPU
	EndGlobalSection
	GlobalSection(SolutionProperties) = preSolution
		HideSolutionNode = FALSE
	EndGlobalSection
	GlobalSection(ExtensibilityGlobals) = postSolution
		SolutionGuid = {FD508C86-F5EA-4C04-B679-554395E167AC}
	EndGlobalSection
EndGlobal
