
Microsoft Visual Studio Solution File, Format Version 12.00
# Visual Studio Version 16
VisualStudioVersion = 16.0.33027.164
MinimumVisualStudioVersion = 10.0.40219.1
Project("{FAE04EC0-301F-11D3-BF4B-00C04F79EFBC}") = "Herencia2", "PracticaPOO\Herencia2.csproj", "{6DC71529-231F-45DF-9129-37F9FEBA44C1}"
EndProject
Project("{FAE04EC0-301F-11D3-BF4B-00C04F79EFBC}") = "Herencia", "Herencia\Herencia.csproj", "{EF015BFD-DDC9-4216-9496-ED42966FECFC}"
EndProject
Global
	GlobalSection(SolutionConfigurationPlatforms) = preSolution
		Debug|Any CPU = Debug|Any CPU
		Release|Any CPU = Release|Any CPU
	EndGlobalSection
	GlobalSection(ProjectConfigurationPlatforms) = postSolution
		{6DC71529-231F-45DF-9129-37F9FEBA44C1}.Debug|Any CPU.ActiveCfg = Debug|Any CPU
		{6DC71529-231F-45DF-9129-37F9FEBA44C1}.Debug|Any CPU.Build.0 = Debug|Any CPU
		{6DC71529-231F-45DF-9129-37F9FEBA44C1}.Release|Any CPU.ActiveCfg = Release|Any CPU
		{6DC71529-231F-45DF-9129-37F9FEBA44C1}.Release|Any CPU.Build.0 = Release|Any CPU
		{EF015BFD-DDC9-4216-9496-ED42966FECFC}.Debug|Any CPU.ActiveCfg = Debug|Any CPU
		{EF015BFD-DDC9-4216-9496-ED42966FECFC}.Debug|Any CPU.Build.0 = Debug|Any CPU
		{EF015BFD-DDC9-4216-9496-ED42966FECFC}.Release|Any CPU.ActiveCfg = Release|Any CPU
		{EF015BFD-DDC9-4216-9496-ED42966FECFC}.Release|Any CPU.Build.0 = Release|Any CPU
	EndGlobalSection
	GlobalSection(SolutionProperties) = preSolution
		HideSolutionNode = FALSE
	EndGlobalSection
	GlobalSection(ExtensibilityGlobals) = postSolution
		SolutionGuid = {D27E5CAD-392C-444E-A76F-104E7F56DBFF}
	EndGlobalSection
EndGlobal
